// !$*UTF8*$!
{
	archiveVersion = 1;
	classes = {
	};
	objectVersion = 46;
	objects = {

/* Begin PBXBuildFile section */
		742CBBD01A63763D00257BDD /* TweetViewController.swift in Sources */ = {isa = PBXBuildFile; fileRef = 742CBBCF1A63763D00257BDD /* TweetViewController.swift */; };
		742CBBD21A637F7F00257BDD /* UserViewController.swift in Sources */ = {isa = PBXBuildFile; fileRef = 742CBBD11A637F7F00257BDD /* UserViewController.swift */; };
		747FAA171A621C87007412D3 /* NetworkController.swift in Sources */ = {isa = PBXBuildFile; fileRef = 747FAA161A621C87007412D3 /* NetworkController.swift */; };
		74937B2D1A5C9950000CA0E6 /* edith03.jpeg in Resources */ = {isa = PBXBuildFile; fileRef = 74937B2A1A5C9950000CA0E6 /* edith03.jpeg */; };
		74937B2E1A5C9950000CA0E6 /* gru02.jpeg in Resources */ = {isa = PBXBuildFile; fileRef = 74937B2B1A5C9950000CA0E6 /* gru02.jpeg */; };
		74937B2F1A5C9950000CA0E6 /* NinjaEdith.jpg in Resources */ = {isa = PBXBuildFile; fileRef = 74937B2C1A5C9950000CA0E6 /* NinjaEdith.jpg */; };
		74937B311A5CBAB2000CA0E6 /* Notes.txt in Resources */ = {isa = PBXBuildFile; fileRef = 74937B301A5CBAB2000CA0E6 /* Notes.txt */; };
		74ECB0391A5B47D60003343E /* AppDelegate.swift in Sources */ = {isa = PBXBuildFile; fileRef = 74ECB0381A5B47D60003343E /* AppDelegate.swift */; };
		74ECB03B1A5B47D60003343E /* ViewController.swift in Sources */ = {isa = PBXBuildFile; fileRef = 74ECB03A1A5B47D60003343E /* ViewController.swift */; };
		74ECB03E1A5B47D60003343E /* Main.storyboard in Resources */ = {isa = PBXBuildFile; fileRef = 74ECB03C1A5B47D60003343E /* Main.storyboard */; };
		74ECB0401A5B47D60003343E /* Images.xcassets in Resources */ = {isa = PBXBuildFile; fileRef = 74ECB03F1A5B47D60003343E /* Images.xcassets */; };
		74ECB0431A5B47D60003343E /* LaunchScreen.xib in Resources */ = {isa = PBXBuildFile; fileRef = 74ECB0411A5B47D60003343E /* LaunchScreen.xib */; };
		74ECB04F1A5B47D60003343E /* TweeterCloneTests.swift in Sources */ = {isa = PBXBuildFile; fileRef = 74ECB04E1A5B47D60003343E /* TweeterCloneTests.swift */; };
		74ECB05C1A5B4E1C0003343E /* Info.plist in Resources */ = {isa = PBXBuildFile; fileRef = 74ECB05B1A5B4E1C0003343E /* Info.plist */; };
		74ECB05E1A5B4E3F0003343E /* tweet.json in Resources */ = {isa = PBXBuildFile; fileRef = 74ECB05D1A5B4E3F0003343E /* tweet.json */; };
		74ECB0601A5B4E980003343E /* Tweet.swift in Sources */ = {isa = PBXBuildFile; fileRef = 74ECB05F1A5B4E980003343E /* Tweet.swift */; };
		74ECB0621A5B4EE50003343E /* TweetCell.swift in Sources */ = {isa = PBXBuildFile; fileRef = 74ECB0611A5B4EE50003343E /* TweetCell.swift */; };
/* End PBXBuildFile section */

/* Begin PBXContainerItemProxy section */
		74ECB0491A5B47D60003343E /* PBXContainerItemProxy */ = {
			isa = PBXContainerItemProxy;
			containerPortal = 74ECB02B1A5B47D60003343E /* Project object */;
			proxyType = 1;
			remoteGlobalIDString = 74ECB0321A5B47D60003343E;
			remoteInfo = TweeterClone;
		};
/* End PBXContainerItemProxy section */

/* Begin PBXFileReference section */
		742CBBCF1A63763D00257BDD /* TweetViewController.swift */ = {isa = PBXFileReference; fileEncoding = 4; lastKnownFileType = sourcecode.swift; path = TweetViewController.swift; sourceTree = "<group>"; };
		742CBBD11A637F7F00257BDD /* UserViewController.swift */ = {isa = PBXFileReference; fileEncoding = 4; lastKnownFileType = sourcecode.swift; path = UserViewController.swift; sourceTree = "<group>"; };
		747FAA161A621C87007412D3 /* NetworkController.swift */ = {isa = PBXFileReference; fileEncoding = 4; lastKnownFileType = sourcecode.swift; path = NetworkController.swift; sourceTree = "<group>"; };
		74937B2A1A5C9950000CA0E6 /* edith03.jpeg */ = {isa = PBXFileReference; lastKnownFileType = image.jpeg; path = edith03.jpeg; sourceTree = "<group>"; };
		74937B2B1A5C9950000CA0E6 /* gru02.jpeg */ = {isa = PBXFileReference; lastKnownFileType = image.jpeg; path = gru02.jpeg; sourceTree = "<group>"; };
		74937B2C1A5C9950000CA0E6 /* NinjaEdith.jpg */ = {isa = PBXFileReference; lastKnownFileType = image.jpeg; path = NinjaEdith.jpg; sourceTree = "<group>"; };
		74937B301A5CBAB2000CA0E6 /* Notes.txt */ = {isa = PBXFileReference; fileEncoding = 4; lastKnownFileType = text; path = Notes.txt; sourceTree = "<group>"; };
		74ECB0331A5B47D60003343E /* TweeterClone.app */ = {isa = PBXFileReference; explicitFileType = wrapper.application; includeInIndex = 0; path = TweeterClone.app; sourceTree = BUILT_PRODUCTS_DIR; };
		74ECB0371A5B47D60003343E /* InfoOriginal.plist */ = {isa = PBXFileReference; lastKnownFileType = text.plist.xml; path = InfoOriginal.plist; sourceTree = "<group>"; };
		74ECB0381A5B47D60003343E /* AppDelegate.swift */ = {isa = PBXFileReference; lastKnownFileType = sourcecode.swift; path = AppDelegate.swift; sourceTree = "<group>"; };
		74ECB03A1A5B47D60003343E /* ViewController.swift */ = {isa = PBXFileReference; lastKnownFileType = sourcecode.swift; path = ViewController.swift; sourceTree = "<group>"; };
		74ECB03D1A5B47D60003343E /* Base */ = {isa = PBXFileReference; lastKnownFileType = file.storyboard; name = Base; path = Base.lproj/Main.storyboard; sourceTree = "<group>"; };
		74ECB03F1A5B47D60003343E /* Images.xcassets */ = {isa = PBXFileReference; lastKnownFileType = folder.assetcatalog; path = Images.xcassets; sourceTree = "<group>"; };
		74ECB0421A5B47D60003343E /* Base */ = {isa = PBXFileReference; lastKnownFileType = file.xib; name = Base; path = Base.lproj/LaunchScreen.xib; sourceTree = "<group>"; };
		74ECB0481A5B47D60003343E /* TweeterCloneTests.xctest */ = {isa = PBXFileReference; explicitFileType = wrapper.cfbundle; includeInIndex = 0; path = TweeterCloneTests.xctest; sourceTree = BUILT_PRODUCTS_DIR; };
		74ECB04D1A5B47D60003343E /* Info.plist */ = {isa = PBXFileReference; lastKnownFileType = text.plist.xml; path = Info.plist; sourceTree = "<group>"; };
		74ECB04E1A5B47D60003343E /* TweeterCloneTests.swift */ = {isa = PBXFileReference; lastKnownFileType = sourcecode.swift; path = TweeterCloneTests.swift; sourceTree = "<group>"; };
		74ECB05B1A5B4E1C0003343E /* Info.plist */ = {isa = PBXFileReference; fileEncoding = 4; lastKnownFileType = text.plist.xml; path = Info.plist; sourceTree = "<group>"; };
		74ECB05D1A5B4E3F0003343E /* tweet.json */ = {isa = PBXFileReference; fileEncoding = 4; lastKnownFileType = text.json; path = tweet.json; sourceTree = "<group>"; };
		74ECB05F1A5B4E980003343E /* Tweet.swift */ = {isa = PBXFileReference; fileEncoding = 4; lastKnownFileType = sourcecode.swift; path = Tweet.swift; sourceTree = "<group>"; };
		74ECB0611A5B4EE50003343E /* TweetCell.swift */ = {isa = PBXFileReference; fileEncoding = 4; lastKnownFileType = sourcecode.swift; path = TweetCell.swift; sourceTree = "<group>"; };
/* End PBXFileReference section */

/* Begin PBXFrameworksBuildPhase section */
		74ECB0301A5B47D60003343E /* Frameworks */ = {
			isa = PBXFrameworksBuildPhase;
			buildActionMask = 2147483647;
			files = (
			);
			runOnlyForDeploymentPostprocessing = 0;
		};
		74ECB0451A5B47D60003343E /* Frameworks */ = {
			isa = PBXFrameworksBuildPhase;
			buildActionMask = 2147483647;
			files = (
			);
			runOnlyForDeploymentPostprocessing = 0;
		};
/* End PBXFrameworksBuildPhase section */

/* Begin PBXGroup section */
		74937B291A5C98A5000CA0E6 /* images */ = {
			isa = PBXGroup;
			children = (
				74937B2A1A5C9950000CA0E6 /* edith03.jpeg */,
				74937B2B1A5C9950000CA0E6 /* gru02.jpeg */,
				74937B2C1A5C9950000CA0E6 /* NinjaEdith.jpg */,
			);
			name = images;
			sourceTree = "<group>";
		};
		74ECB02A1A5B47D60003343E = {
			isa = PBXGroup;
			children = (
				74ECB0351A5B47D60003343E /* TweeterClone */,
				74ECB04B1A5B47D60003343E /* TweeterCloneTests */,
				74ECB0341A5B47D60003343E /* Products */,
			);
			sourceTree = "<group>";
		};
		74ECB0341A5B47D60003343E /* Products */ = {
			isa = PBXGroup;
			children = (
				74ECB0331A5B47D60003343E /* TweeterClone.app */,
				74ECB0481A5B47D60003343E /* TweeterCloneTests.xctest */,
			);
			name = Products;
			sourceTree = "<group>";
		};
		74ECB0351A5B47D60003343E /* TweeterClone */ = {
			isa = PBXGroup;
			children = (
				74ECB05A1A5B48A70003343E /* ModelLayer */,
				74ECB0591A5B48850003343E /* ControllerLayer */,
				74ECB0581A5B48780003343E /* ViewLayer */,
				74ECB0381A5B47D60003343E /* AppDelegate.swift */,
				74ECB03F1A5B47D60003343E /* Images.xcassets */,
				74ECB0411A5B47D60003343E /* LaunchScreen.xib */,
				74ECB0361A5B47D60003343E /* Supporting Files */,
			);
			path = TweeterClone;
			sourceTree = "<group>";
		};
		74ECB0361A5B47D60003343E /* Supporting Files */ = {
			isa = PBXGroup;
			children = (
				74937B301A5CBAB2000CA0E6 /* Notes.txt */,
				74937B291A5C98A5000CA0E6 /* images */,
				74ECB05D1A5B4E3F0003343E /* tweet.json */,
				74ECB05B1A5B4E1C0003343E /* Info.plist */,
				74ECB0371A5B47D60003343E /* InfoOriginal.plist */,
			);
			name = "Supporting Files";
			sourceTree = "<group>";
		};
		74ECB04B1A5B47D60003343E /* TweeterCloneTests */ = {
			isa = PBXGroup;
			children = (
				74ECB04E1A5B47D60003343E /* TweeterCloneTests.swift */,
				74ECB04C1A5B47D60003343E /* Supporting Files */,
			);
			path = TweeterCloneTests;
			sourceTree = "<group>";
		};
		74ECB04C1A5B47D60003343E /* Supporting Files */ = {
			isa = PBXGroup;
			children = (
				74ECB04D1A5B47D60003343E /* Info.plist */,
			);
			name = "Supporting Files";
			sourceTree = "<group>";
		};
		74ECB0581A5B48780003343E /* ViewLayer */ = {
			isa = PBXGroup;
			children = (
				74ECB03C1A5B47D60003343E /* Main.storyboard */,
			);
			name = ViewLayer;
			sourceTree = "<group>";
		};
		74ECB0591A5B48850003343E /* ControllerLayer */ = {
			isa = PBXGroup;
			children = (
				747FAA161A621C87007412D3 /* NetworkController.swift */,
				74ECB03A1A5B47D60003343E /* ViewController.swift */,
				742CBBCF1A63763D00257BDD /* TweetViewController.swift */,
				742CBBD11A637F7F00257BDD /* UserViewController.swift */,
			);
			name = ControllerLayer;
			sourceTree = "<group>";
		};
		74ECB05A1A5B48A70003343E /* ModelLayer */ = {
			isa = PBXGroup;
			children = (
				74ECB05F1A5B4E980003343E /* Tweet.swift */,
				74ECB0611A5B4EE50003343E /* TweetCell.swift */,
			);
			name = ModelLayer;
			sourceTree = "<group>";
		};
/* End PBXGroup section */

/* Begin PBXNativeTarget section */
		74ECB0321A5B47D60003343E /* TweeterClone */ = {
			isa = PBXNativeTarget;
			buildConfigurationList = 74ECB0521A5B47D60003343E /* Build configuration list for PBXNativeTarget "TweeterClone" */;
			buildPhases = (
				74ECB02F1A5B47D60003343E /* Sources */,
				74ECB0301A5B47D60003343E /* Frameworks */,
				74ECB0311A5B47D60003343E /* Resources */,
			);
			buildRules = (
			);
			dependencies = (
			);
			name = TweeterClone;
			productName = TweeterClone;
			productReference = 74ECB0331A5B47D60003343E /* TweeterClone.app */;
			productType = "com.apple.product-type.application";
		};
		74ECB0471A5B47D60003343E /* TweeterCloneTests */ = {
			isa = PBXNativeTarget;
			buildConfigurationList = 74ECB0551A5B47D60003343E /* Build configuration list for PBXNativeTarget "TweeterCloneTests" */;
			buildPhases = (
				74ECB0441A5B47D60003343E /* Sources */,
				74ECB0451A5B47D60003343E /* Frameworks */,
				74ECB0461A5B47D60003343E /* Resources */,
			);
			buildRules = (
			);
			dependencies = (
				74ECB04A1A5B47D60003343E /* PBXTargetDependency */,
			);
			name = TweeterCloneTests;
			productName = TweeterCloneTests;
			productReference = 74ECB0481A5B47D60003343E /* TweeterCloneTests.xctest */;
			productType = "com.apple.product-type.bundle.unit-test";
		};
/* End PBXNativeTarget section */

/* Begin PBXProject section */
		74ECB02B1A5B47D60003343E /* Project object */ = {
			isa = PBXProject;
			attributes = {
				LastUpgradeCheck = 0610;
				ORGANIZATIONNAME = GruTech;
				TargetAttributes = {
					74ECB0321A5B47D60003343E = {
						CreatedOnToolsVersion = 6.1;
					};
					74ECB0471A5B47D60003343E = {
						CreatedOnToolsVersion = 6.1;
						TestTargetID = 74ECB0321A5B47D60003343E;
					};
				};
			};
			buildConfigurationList = 74ECB02E1A5B47D60003343E /* Build configuration list for PBXProject "TweeterClone" */;
			compatibilityVersion = "Xcode 3.2";
			developmentRegion = English;
			hasScannedForEncodings = 0;
			knownRegions = (
				en,
				Base,
			);
			mainGroup = 74ECB02A1A5B47D60003343E;
			productRefGroup = 74ECB0341A5B47D60003343E /* Products */;
			projectDirPath = "";
			projectRoot = "";
			targets = (
				74ECB0321A5B47D60003343E /* TweeterClone */,
				74ECB0471A5B47D60003343E /* TweeterCloneTests */,
			);
		};
/* End PBXProject section */

/* Begin PBXResourcesBuildPhase section */
		74ECB0311A5B47D60003343E /* Resources */ = {
			isa = PBXResourcesBuildPhase;
			buildActionMask = 2147483647;
			files = (
				74ECB05E1A5B4E3F0003343E /* tweet.json in Resources */,
				74937B2D1A5C9950000CA0E6 /* edith03.jpeg in Resources */,
				74ECB05C1A5B4E1C0003343E /* Info.plist in Resources */,
				74937B2F1A5C9950000CA0E6 /* NinjaEdith.jpg in Resources */,
				74ECB03E1A5B47D60003343E /* Main.storyboard in Resources */,
				74937B2E1A5C9950000CA0E6 /* gru02.jpeg in Resources */,
				74ECB0431A5B47D60003343E /* LaunchScreen.xib in Resources */,
				74937B311A5CBAB2000CA0E6 /* Notes.txt in Resources */,
				74ECB0401A5B47D60003343E /* Images.xcassets in Resources */,
			);
			runOnlyForDeploymentPostprocessing = 0;
		};
		74ECB0461A5B47D60003343E /* Resources */ = {
			isa = PBXResourcesBuildPhase;
			buildActionMask = 2147483647;
			files = (
			);
			runOnlyForDeploymentPostprocessing = 0;
		};
/* End PBXResourcesBuildPhase section */

/* Begin PBXSourcesBuildPhase section */
		74ECB02F1A5B47D60003343E /* Sources */ = {
			isa = PBXSourcesBuildPhase;
			buildActionMask = 2147483647;
			files = (
				742CBBD21A637F7F00257BDD /* UserViewController.swift in Sources */,
				747FAA171A621C87007412D3 /* NetworkController.swift in Sources */,
				74ECB0601A5B4E980003343E /* Tweet.swift in Sources */,
				742CBBD01A63763D00257BDD /* TweetViewController.swift in Sources */,
				74ECB03B1A5B47D60003343E /* ViewController.swift in Sources */,
				74ECB0391A5B47D60003343E /* AppDelegate.swift in Sources */,
				74ECB0621A5B4EE50003343E /* TweetCell.swift in Sources */,
			);
			runOnlyForDeploymentPostprocessing = 0;
		};
		74ECB0441A5B47D60003343E /* Sources */ = {
			isa = PBXSourcesBuildPhase;
			buildActionMask = 2147483647;
			files = (
				74ECB04F1A5B47D60003343E /* TweeterCloneTests.swift in Sources */,
			);
			runOnlyForDeploymentPostprocessing = 0;
		};
/* End PBXSourcesBuildPhase section */

/* Begin PBXTargetDependency section */
		74ECB04A1A5B47D60003343E /* PBXTargetDependency */ = {
			isa = PBXTargetDependency;
			target = 74ECB0321A5B47D60003343E /* TweeterClone */;
			targetProxy = 74ECB0491A5B47D60003343E /* PBXContainerItemProxy */;
		};
/* End PBXTargetDependency section */

/* Begin PBXVariantGroup section */
		74ECB03C1A5B47D60003343E /* Main.storyboard */ = {
			isa = PBXVariantGroup;
			children = (
				74ECB03D1A5B47D60003343E /* Base */,
			);
			name = Main.storyboard;
			sourceTree = "<group>";
		};
		74ECB0411A5B47D60003343E /* LaunchScreen.xib */ = {
			isa = PBXVariantGroup;
			children = (
				74ECB0421A5B47D60003343E /* Base */,
			);
			name = LaunchScreen.xib;
			sourceTree = "<group>";
		};
/* End PBXVariantGroup section */

/* Begin XCBuildConfiguration section */
		74ECB0501A5B47D60003343E /* Debug */ = {
			isa = XCBuildConfiguration;
			buildSettings = {
				ALWAYS_SEARCH_USER_PATHS = NO;
				CLANG_CXX_LANGUAGE_STANDARD = "gnu++0x";
				CLANG_CXX_LIBRARY = "libc++";
				CLANG_ENABLE_MODULES = YES;
				CLANG_ENABLE_OBJC_ARC = YES;
				CLANG_WARN_BOOL_CONVERSION = YES;
				CLANG_WARN_CONSTANT_CONVERSION = YES;
				CLANG_WARN_DIRECT_OBJC_ISA_USAGE = YES_ERROR;
				CLANG_WARN_EMPTY_BODY = YES;
				CLANG_WARN_ENUM_CONVERSION = YES;
				CLANG_WARN_INT_CONVERSION = YES;
				CLANG_WARN_OBJC_ROOT_CLASS = YES_ERROR;
				CLANG_WARN_UNREACHABLE_CODE = YES;
				CLANG_WARN__DUPLICATE_METHOD_MATCH = YES;
				"CODE_SIGN_IDENTITY[sdk=iphoneos*]" = "iPhone Developer";
				COPY_PHASE_STRIP = NO;
				ENABLE_STRICT_OBJC_MSGSEND = YES;
				GCC_C_LANGUAGE_STANDARD = gnu99;
				GCC_DYNAMIC_NO_PIC = NO;
				GCC_OPTIMIZATION_LEVEL = 0;
				GCC_PREPROCESSOR_DEFINITIONS = (
					"DEBUG=1",
					"$(inherited)",
				);
				GCC_SYMBOLS_PRIVATE_EXTERN = NO;
				GCC_WARN_64_TO_32_BIT_CONVERSION = YES;
				GCC_WARN_ABOUT_RETURN_TYPE = YES_ERROR;
				GCC_WARN_UNDECLARED_SELECTOR = YES;
				GCC_WARN_UNINITIALIZED_AUTOS = YES_AGGRESSIVE;
				GCC_WARN_UNUSED_FUNCTION = YES;
				GCC_WARN_UNUSED_VARIABLE = YES;
				IPHONEOS_DEPLOYMENT_TARGET = 8.1;
				MTL_ENABLE_DEBUG_INFO = YES;
				ONLY_ACTIVE_ARCH = YES;
				SDKROOT = iphoneos;
				SWIFT_OPTIMIZATION_LEVEL = "-Onone";
			};
			name = Debug;
		};
		74ECB0511A5B47D60003343E /* Release */ = {
			isa = XCBuildConfiguration;
			buildSettings = {
				ALWAYS_SEARCH_USER_PATHS = NO;
				CLANG_CXX_LANGUAGE_STANDARD = "gnu++0x";
				CLANG_CXX_LIBRARY = "libc++";
				CLANG_ENABLE_MODULES = YES;
				CLANG_ENABLE_OBJC_ARC = YES;
				CLANG_WARN_BOOL_CONVERSION = YES;
				CLANG_WARN_CONSTANT_CONVERSION = YES;
				CLANG_WARN_DIRECT_OBJC_ISA_USAGE = YES_ERROR;
				CLANG_WARN_EMPTY_BODY = YES;
				CLANG_WARN_ENUM_CONVERSION = YES;
				CLANG_WARN_INT_CONVERSION = YES;
				CLANG_WARN_OBJC_ROOT_CLASS = YES_ERROR;
				CLANG_WARN_UNREACHABLE_CODE = YES;
				CLANG_WARN__DUPLICATE_METHOD_MATCH = YES;
				"CODE_SIGN_IDENTITY[sdk=iphoneos*]" = "iPhone Developer";
				COPY_PHASE_STRIP = YES;
				ENABLE_NS_ASSERTIONS = NO;
				ENABLE_STRICT_OBJC_MSGSEND = YES;
				GCC_C_LANGUAGE_STANDARD = gnu99;
				GCC_WARN_64_TO_32_BIT_CONVERSION = YES;
				GCC_WARN_ABOUT_RETURN_TYPE = YES_ERROR;
				GCC_WARN_UNDECLARED_SELECTOR = YES;
				GCC_WARN_UNINITIALIZED_AUTOS = YES_AGGRESSIVE;
				GCC_WARN_UNUSED_FUNCTION = YES;
				GCC_WARN_UNUSED_VARIABLE = YES;
				IPHONEOS_DEPLOYMENT_TARGET = 8.1;
				MTL_ENABLE_DEBUG_INFO = NO;
				SDKROOT = iphoneos;
				VALIDATE_PRODUCT = YES;
			};
			name = Release;
		};
		74ECB0531A5B47D60003343E /* Debug */ = {
			isa = XCBuildConfiguration;
			buildSettings = {
				ASSETCATALOG_COMPILER_APPICON_NAME = AppIcon;
				INFOPLIST_FILE = TweeterClone/Info.plist;
				LD_RUNPATH_SEARCH_PATHS = "$(inherited) @executable_path/Frameworks";
				PRODUCT_NAME = "$(TARGET_NAME)";
			};
			name = Debug;
		};
		74ECB0541A5B47D60003343E /* Release */ = {
			isa = XCBuildConfiguration;
			buildSettings = {
				ASSETCATALOG_COMPILER_APPICON_NAME = AppIcon;
				INFOPLIST_FILE = TweeterClone/Info.plist;
				LD_RUNPATH_SEARCH_PATHS = "$(inherited) @executable_path/Frameworks";
				PRODUCT_NAME = "$(TARGET_NAME)";
			};
			name = Release;
		};
		74ECB0561A5B47D60003343E /* Debug */ = {
			isa = XCBuildConfiguration;
			buildSettings = {
				BUNDLE_LOADER = "$(TEST_HOST)";
				FRAMEWORK_SEARCH_PATHS = (
					"$(SDKROOT)/Developer/Library/Frameworks",
					"$(inherited)",
				);
				GCC_PREPROCESSOR_DEFINITIONS = (
					"DEBUG=1",
					"$(inherited)",
				);
				INFOPLIST_FILE = TweeterCloneTests/Info.plist;
				LD_RUNPATH_SEARCH_PATHS = "$(inherited) @executable_path/Frameworks @loader_path/Frameworks";
				PRODUCT_NAME = "$(TARGET_NAME)";
				TEST_HOST = "$(BUILT_PRODUCTS_DIR)/TweeterClone.app/TweeterClone";
			};
			name = Debug;
		};
		74ECB0571A5B47D60003343E /* Release */ = {
			isa = XCBuildConfiguration;
			buildSettings = {
				BUNDLE_LOADER = "$(TEST_HOST)";
				FRAMEWORK_SEARCH_PATHS = (
					"$(SDKROOT)/Developer/Library/Frameworks",
					"$(inherited)",
				);
				INFOPLIST_FILE = TweeterCloneTests/Info.plist;
				LD_RUNPATH_SEARCH_PATHS = "$(inherited) @executable_path/Frameworks @loader_path/Frameworks";
				PRODUCT_NAME = "$(TARGET_NAME)";
				TEST_HOST = "$(BUILT_PRODUCTS_DIR)/TweeterClone.app/TweeterClone";
			};
			name = Release;
		};
/* End XCBuildConfiguration section */

/* Begin XCConfigurationList section */
		74ECB02E1A5B47D60003343E /* Build configuration list for PBXProject "TweeterClone" */ = {
			isa = XCConfigurationList;
			buildConfigurations = (
				74ECB0501A5B47D60003343E /* Debug */,
				74ECB0511A5B47D60003343E /* Release */,
			);
			defaultConfigurationIsVisible = 0;
			defaultConfigurationName = Release;
		};
		74ECB0521A5B47D60003343E /* Build configuration list for PBXNativeTarget "TweeterClone" */ = {
			isa = XCConfigurationList;
			buildConfigurations = (
				74ECB0531A5B47D60003343E /* Debug */,
				74ECB0541A5B47D60003343E /* Release */,
			);
			defaultConfigurationIsVisible = 0;
			defaultConfigurationName = Release;
		};
		74ECB0551A5B47D60003343E /* Build configuration list for PBXNativeTarget "TweeterCloneTests" */ = {
			isa = XCConfigurationList;
			buildConfigurations = (
				74ECB0561A5B47D60003343E /* Debug */,
				74ECB0571A5B47D60003343E /* Release */,
			);
			defaultConfigurationIsVisible = 0;
			defaultConfigurationName = Release;
		};
/* End XCConfigurationList section */
	};
	rootObject = 74ECB02B1A5B47D60003343E /* Project object */;
}
